
Microsoft Visual Studio Solution File, Format Version 12.00
# Visual Studio 2013
VisualStudioVersion = 12.0.30110.0
MinimumVisualStudioVersion = 10.0.40219.1
Project("{FAE04EC0-301F-11D3-BF4B-00C04F79EFBC}") = "TeaDriven.Graphology", "Src\TeaDriven.Graphology\TeaDriven.Graphology.csproj", "{CA8CA376-4E90-4745-913A-B9F1B81760E5}"
EndProject
Project("{FAE04EC0-301F-11D3-BF4B-00C04F79EFBC}") = "TeaDriven.Graphology.Tests", "Src\TeaDriven.Graphology.Tests\TeaDriven.Graphology.Tests.csproj", "{24C47484-DBE5-46EB-B3C1-596150AC1DB0}"
EndProject
Project("{F2A71F9B-5D33-465A-A702-920D77279786}") = "TeaDriven.Graphology.TestsF", "Src\TeaDriven.Graphology.TestsF\TeaDriven.Graphology.TestsF.fsproj", "{087E3675-048E-4ADE-A70F-2CC01D6D80F3}"
EndProject
Project("{2150E333-8FDC-42A3-9474-1A3956D46DE8}") = "project", "project", "{2F684376-48A0-4471-B8F8-73653240A183}"
	ProjectSection(SolutionItems) = preProject
		build.fsx = build.fsx
		RELEASE_NOTES.md = RELEASE_NOTES.md
		Nuget\TeaDriven.Graphology.nuspec = Nuget\TeaDriven.Graphology.nuspec
	EndProjectSection
EndProject
Global
	GlobalSection(SolutionConfigurationPlatforms) = preSolution
		Debug|Any CPU = Debug|Any CPU
		Release|Any CPU = Release|Any CPU
	EndGlobalSection
	GlobalSection(ProjectConfigurationPlatforms) = postSolution
		{CA8CA376-4E90-4745-913A-B9F1B81760E5}.Debug|Any CPU.ActiveCfg = Debug|Any CPU
		{CA8CA376-4E90-4745-913A-B9F1B81760E5}.Debug|Any CPU.Build.0 = Debug|Any CPU
		{CA8CA376-4E90-4745-913A-B9F1B81760E5}.Release|Any CPU.ActiveCfg = Release|Any CPU
		{CA8CA376-4E90-4745-913A-B9F1B81760E5}.Release|Any CPU.Build.0 = Release|Any CPU
		{24C47484-DBE5-46EB-B3C1-596150AC1DB0}.Debug|Any CPU.ActiveCfg = Debug|Any CPU
		{24C47484-DBE5-46EB-B3C1-596150AC1DB0}.Debug|Any CPU.Build.0 = Debug|Any CPU
		{24C47484-DBE5-46EB-B3C1-596150AC1DB0}.Release|Any CPU.ActiveCfg = Release|Any CPU
		{24C47484-DBE5-46EB-B3C1-596150AC1DB0}.Release|Any CPU.Build.0 = Release|Any CPU
		{087E3675-048E-4ADE-A70F-2CC01D6D80F3}.Debug|Any CPU.ActiveCfg = Debug|Any CPU
		{087E3675-048E-4ADE-A70F-2CC01D6D80F3}.Debug|Any CPU.Build.0 = Debug|Any CPU
		{087E3675-048E-4ADE-A70F-2CC01D6D80F3}.Release|Any CPU.ActiveCfg = Release|Any CPU
		{087E3675-048E-4ADE-A70F-2CC01D6D80F3}.Release|Any CPU.Build.0 = Release|Any CPU
	EndGlobalSection
	GlobalSection(SolutionProperties) = preSolution
		HideSolutionNode = FALSE
	EndGlobalSection
EndGlobal
