
Microsoft Visual Studio Solution File, Format Version 12.00
# Visual Studio 2012
Project("{FAE04EC0-301F-11D3-BF4B-00C04F79EFBC}") = "Graphology", "Graphology\Graphology.csproj", "{CA8CA376-4E90-4745-913A-B9F1B81760E5}"
EndProject
Project("{FAE04EC0-301F-11D3-BF4B-00C04F79EFBC}") = "Graphology.Tests", "Graphology.Tests\Graphology.Tests.csproj", "{24C47484-DBE5-46EB-B3C1-596150AC1DB0}"
EndProject
Project("{FAE04EC0-301F-11D3-BF4B-00C04F79EFBC}") = "Graphology.AutoFixture", "Graphology.AutoFixture\Graphology.AutoFixture.csproj", "{FD332817-AA6B-49E3-B00A-D403303E9C3B}"
EndProject
Project("{FAE04EC0-301F-11D3-BF4B-00C04F79EFBC}") = "Graphology.AutoFixture.Tests", "Graphology.AutoFixture.Tests\Graphology.AutoFixture.Tests.csproj", "{12ECF1DE-A2DB-4CAF-9C5C-1A4DF266BA48}"
EndProject
Global
	GlobalSection(SolutionConfigurationPlatforms) = preSolution
		Debug|Any CPU = Debug|Any CPU
		Release|Any CPU = Release|Any CPU
		Verify|Any CPU = Verify|Any CPU
	EndGlobalSection
	GlobalSection(ProjectConfigurationPlatforms) = postSolution
		{CA8CA376-4E90-4745-913A-B9F1B81760E5}.Debug|Any CPU.ActiveCfg = Debug|Any CPU
		{CA8CA376-4E90-4745-913A-B9F1B81760E5}.Debug|Any CPU.Build.0 = Debug|Any CPU
		{CA8CA376-4E90-4745-913A-B9F1B81760E5}.Release|Any CPU.ActiveCfg = Release|Any CPU
		{CA8CA376-4E90-4745-913A-B9F1B81760E5}.Release|Any CPU.Build.0 = Release|Any CPU
		{CA8CA376-4E90-4745-913A-B9F1B81760E5}.Verify|Any CPU.ActiveCfg = Verify|Any CPU
		{CA8CA376-4E90-4745-913A-B9F1B81760E5}.Verify|Any CPU.Build.0 = Verify|Any CPU
		{24C47484-DBE5-46EB-B3C1-596150AC1DB0}.Debug|Any CPU.ActiveCfg = Debug|Any CPU
		{24C47484-DBE5-46EB-B3C1-596150AC1DB0}.Debug|Any CPU.Build.0 = Debug|Any CPU
		{24C47484-DBE5-46EB-B3C1-596150AC1DB0}.Release|Any CPU.ActiveCfg = Release|Any CPU
		{24C47484-DBE5-46EB-B3C1-596150AC1DB0}.Release|Any CPU.Build.0 = Release|Any CPU
		{24C47484-DBE5-46EB-B3C1-596150AC1DB0}.Verify|Any CPU.ActiveCfg = Verify|Any CPU
		{24C47484-DBE5-46EB-B3C1-596150AC1DB0}.Verify|Any CPU.Build.0 = Verify|Any CPU
		{FD332817-AA6B-49E3-B00A-D403303E9C3B}.Debug|Any CPU.ActiveCfg = Debug|Any CPU
		{FD332817-AA6B-49E3-B00A-D403303E9C3B}.Debug|Any CPU.Build.0 = Debug|Any CPU
		{FD332817-AA6B-49E3-B00A-D403303E9C3B}.Release|Any CPU.ActiveCfg = Release|Any CPU
		{FD332817-AA6B-49E3-B00A-D403303E9C3B}.Release|Any CPU.Build.0 = Release|Any CPU
		{FD332817-AA6B-49E3-B00A-D403303E9C3B}.Verify|Any CPU.ActiveCfg = Release|Any CPU
		{FD332817-AA6B-49E3-B00A-D403303E9C3B}.Verify|Any CPU.Build.0 = Release|Any CPU
		{12ECF1DE-A2DB-4CAF-9C5C-1A4DF266BA48}.Debug|Any CPU.ActiveCfg = Debug|Any CPU
		{12ECF1DE-A2DB-4CAF-9C5C-1A4DF266BA48}.Debug|Any CPU.Build.0 = Debug|Any CPU
		{12ECF1DE-A2DB-4CAF-9C5C-1A4DF266BA48}.Release|Any CPU.ActiveCfg = Release|Any CPU
		{12ECF1DE-A2DB-4CAF-9C5C-1A4DF266BA48}.Release|Any CPU.Build.0 = Release|Any CPU
		{12ECF1DE-A2DB-4CAF-9C5C-1A4DF266BA48}.Verify|Any CPU.ActiveCfg = Release|Any CPU
		{12ECF1DE-A2DB-4CAF-9C5C-1A4DF266BA48}.Verify|Any CPU.Build.0 = Release|Any CPU
	EndGlobalSection
	GlobalSection(SolutionProperties) = preSolution
		HideSolutionNode = FALSE
	EndGlobalSection
EndGlobal
